
Microsoft Visual Studio Solution File, Format Version 12.00
# Visual Studio Version 17
VisualStudioVersion = 17.13.36105.23 d17.13
MinimumVisualStudioVersion = 10.0.40219.1
Project("{FAE04EC0-301F-11D3-BF4B-00C04F79EFBC}") = "Pedfast", "Pedfast.csproj", "{6B0A8A04-DC46-4411-A8A7-1EF705432F34}"
EndProject
Global
	GlobalSection(SolutionConfigurationPlatforms) = preSolution
		Debug|Any CPU = Debug|Any CPU
		Release|Any CPU = Release|Any CPU
	EndGlobalSection
	GlobalSection(ProjectConfigurationPlatforms) = postSolution
		{6B0A8A04-DC46-4411-A8A7-1EF705432F34}.Debug|Any CPU.ActiveCfg = Debug|Any CPU
		{6B0A8A04-DC46-4411-A8A7-1EF705432F34}.Debug|Any CPU.Build.0 = Debug|Any CPU
		{6B0A8A04-DC46-4411-A8A7-1EF705432F34}.Release|Any CPU.ActiveCfg = Release|Any CPU
		{6B0A8A04-DC46-4411-A8A7-1EF705432F34}.Release|Any CPU.Build.0 = Release|Any CPU
	EndGlobalSection
	GlobalSection(SolutionProperties) = preSolution
		HideSolutionNode = FALSE
	EndGlobalSection
	GlobalSection(ExtensibilityGlobals) = postSolution
		SolutionGuid = {8B380531-6ABD-43F3-80DC-071DC012D37F}
	EndGlobalSection
EndGlobal
